{
  "name": "Warships-Flask",
  "lockfileVersion": 3,
  "requires": true,
  "packages": {
    "": {
      "dependencies": {
        "@shopify/draggable": "^1.1.3"
      }
    },
    "node_modules/@shopify/draggable": {
      "version": "1.1.3",
      "resolved": "https://registry.npmjs.org/@shopify/draggable/-/draggable-1.1.3.tgz",
      "integrity": "sha512-okZG6FTOX1HpfToN2uFVXTicum+NtHFGEY+0MFkZsdChP5qvLSlkffQormMxoDQVIDsK+jso3yz03tteIJ/A0w=="
    }
  }
}
